
Microsoft Visual Studio Solution File, Format Version 12.00
# Visual Studio Version 17
VisualStudioVersion = 17.11.35327.3
MinimumVisualStudioVersion = 10.0.40219.1
Project("{FAE04EC0-301F-11D3-BF4B-00C04F79EFBC}") = "Ext_IronWord_Project", "Ext_IronWord_Project.csproj", "{9FBC92B8-166D-4E57-80E6-C229B688446D}"
EndProject
Global
	GlobalSection(SolutionConfigurationPlatforms) = preSolution
		Debug|Any CPU = Debug|Any CPU
		Release|Any CPU = Release|Any CPU
	EndGlobalSection
	GlobalSection(ProjectConfigurationPlatforms) = postSolution
		{9FBC92B8-166D-4E57-80E6-C229B688446D}.Debug|Any CPU.ActiveCfg = Debug|Any CPU
		{9FBC92B8-166D-4E57-80E6-C229B688446D}.Debug|Any CPU.Build.0 = Debug|Any CPU
		{9FBC92B8-166D-4E57-80E6-C229B688446D}.Release|Any CPU.ActiveCfg = Release|Any CPU
		{9FBC92B8-166D-4E57-80E6-C229B688446D}.Release|Any CPU.Build.0 = Release|Any CPU
	EndGlobalSection
	GlobalSection(SolutionProperties) = preSolution
		HideSolutionNode = FALSE
	EndGlobalSection
	GlobalSection(ExtensibilityGlobals) = postSolution
		SolutionGuid = {ABC85333-7D8A-4003-93E3-CEFD6B549CE7}
	EndGlobalSection
EndGlobal
